
Microsoft Visual Studio Solution File, Format Version 12.00
# Visual Studio Version 17
VisualStudioVersion = 17.5.002.0
MinimumVisualStudioVersion = 10.0.40219.1
Project("{9A19103F-16F7-4668-BE54-9A1E7A4F7556}") = "lgspBackendCore", "lgspBackendCore.csproj", "{9C123655-8E86-45D6-AF3A-A413D1FBB304}"
EndProject
Global
	GlobalSection(SolutionConfigurationPlatforms) = preSolution
		Debug|Any CPU = Debug|Any CPU
		Release|Any CPU = Release|Any CPU
	EndGlobalSection
	GlobalSection(ProjectConfigurationPlatforms) = postSolution
		{9C123655-8E86-45D6-AF3A-A413D1FBB304}.Debug|Any CPU.ActiveCfg = Debug|Any CPU
		{9C123655-8E86-45D6-AF3A-A413D1FBB304}.Debug|Any CPU.Build.0 = Debug|Any CPU
		{9C123655-8E86-45D6-AF3A-A413D1FBB304}.Release|Any CPU.ActiveCfg = Release|Any CPU
		{9C123655-8E86-45D6-AF3A-A413D1FBB304}.Release|Any CPU.Build.0 = Release|Any CPU
	EndGlobalSection
	GlobalSection(SolutionProperties) = preSolution
		HideSolutionNode = FALSE
	EndGlobalSection
	GlobalSection(ExtensibilityGlobals) = postSolution
		SolutionGuid = {529FBB41-BE65-45A4-9DBA-9C4123BD17F1}
	EndGlobalSection
EndGlobal
